
Microsoft Visual Studio Solution File, Format Version 11.00
# Visual Studio 2010
Project("{FAE04EC0-301F-11D3-BF4B-00C04F79EFBC}") = "RefWCF", "RefWCF\RefWCF.csproj", "{896DEEB4-9138-40D4-AD10-2401D31C9466}"
EndProject
Project("{FAE04EC0-301F-11D3-BF4B-00C04F79EFBC}") = "RefWcfService", "RefWcfService\RefWcfService.csproj", "{EFFB6DA4-91DF-48D6-BC9F-52B7377BDAE1}"
EndProject
Global
	GlobalSection(SolutionConfigurationPlatforms) = preSolution
		Debug|Any CPU = Debug|Any CPU
		Release|Any CPU = Release|Any CPU
	EndGlobalSection
	GlobalSection(ProjectConfigurationPlatforms) = postSolution
		{896DEEB4-9138-40D4-AD10-2401D31C9466}.Debug|Any CPU.ActiveCfg = Debug|Any CPU
		{896DEEB4-9138-40D4-AD10-2401D31C9466}.Debug|Any CPU.Build.0 = Debug|Any CPU
		{896DEEB4-9138-40D4-AD10-2401D31C9466}.Release|Any CPU.ActiveCfg = Release|Any CPU
		{896DEEB4-9138-40D4-AD10-2401D31C9466}.Release|Any CPU.Build.0 = Release|Any CPU
		{EFFB6DA4-91DF-48D6-BC9F-52B7377BDAE1}.Debug|Any CPU.ActiveCfg = Debug|Any CPU
		{EFFB6DA4-91DF-48D6-BC9F-52B7377BDAE1}.Debug|Any CPU.Build.0 = Debug|Any CPU
		{EFFB6DA4-91DF-48D6-BC9F-52B7377BDAE1}.Release|Any CPU.ActiveCfg = Release|Any CPU
		{EFFB6DA4-91DF-48D6-BC9F-52B7377BDAE1}.Release|Any CPU.Build.0 = Release|Any CPU
	EndGlobalSection
	GlobalSection(SolutionProperties) = preSolution
		HideSolutionNode = FALSE
	EndGlobalSection
EndGlobal
